
Microsoft Visual Studio Solution File, Format Version 12.00
# Visual Studio Version 16
VisualStudioVersion = 16.0.30804.86
MinimumVisualStudioVersion = 10.0.40219.1
Project("{FAE04EC0-301F-11D3-BF4B-00C04F79EFBC}") = "Mulberry.Android", "Mulberry.Android\Mulberry.Android.csproj", "{BD70E57C-A241-47E0-8CEB-ACC19C934B0B}"
EndProject
Project("{FAE04EC0-301F-11D3-BF4B-00C04F79EFBC}") = "Mulberry.iOS", "Mulberry.iOS\Mulberry.iOS.csproj", "{1A6BF130-7534-443B-9A41-8E505FB9B1FB}"
EndProject
Project("{FAE04EC0-301F-11D3-BF4B-00C04F79EFBC}") = "Mulberry", "Mulberry\Mulberry.csproj", "{CD652911-0121-4410-B35F-B97C518A0A54}"
EndProject
Global
	GlobalSection(SolutionConfigurationPlatforms) = preSolution
		Debug|Any CPU = Debug|Any CPU
		Debug|iPhone = Debug|iPhone
		Debug|iPhoneSimulator = Debug|iPhoneSimulator
		Release|Any CPU = Release|Any CPU
		Release|iPhone = Release|iPhone
		Release|iPhoneSimulator = Release|iPhoneSimulator
	EndGlobalSection
	GlobalSection(ProjectConfigurationPlatforms) = postSolution
		{BD70E57C-A241-47E0-8CEB-ACC19C934B0B}.Debug|Any CPU.ActiveCfg = Debug|Any CPU
		{BD70E57C-A241-47E0-8CEB-ACC19C934B0B}.Debug|Any CPU.Build.0 = Debug|Any CPU
		{BD70E57C-A241-47E0-8CEB-ACC19C934B0B}.Debug|Any CPU.Deploy.0 = Debug|Any CPU
		{BD70E57C-A241-47E0-8CEB-ACC19C934B0B}.Debug|iPhone.ActiveCfg = Debug|Any CPU
		{BD70E57C-A241-47E0-8CEB-ACC19C934B0B}.Debug|iPhone.Build.0 = Debug|Any CPU
		{BD70E57C-A241-47E0-8CEB-ACC19C934B0B}.Debug|iPhone.Deploy.0 = Debug|Any CPU
		{BD70E57C-A241-47E0-8CEB-ACC19C934B0B}.Debug|iPhoneSimulator.ActiveCfg = Debug|Any CPU
		{BD70E57C-A241-47E0-8CEB-ACC19C934B0B}.Debug|iPhoneSimulator.Build.0 = Debug|Any CPU
		{BD70E57C-A241-47E0-8CEB-ACC19C934B0B}.Debug|iPhoneSimulator.Deploy.0 = Debug|Any CPU
		{BD70E57C-A241-47E0-8CEB-ACC19C934B0B}.Release|Any CPU.ActiveCfg = Release|Any CPU
		{BD70E57C-A241-47E0-8CEB-ACC19C934B0B}.Release|Any CPU.Build.0 = Release|Any CPU
		{BD70E57C-A241-47E0-8CEB-ACC19C934B0B}.Release|Any CPU.Deploy.0 = Release|Any CPU
		{BD70E57C-A241-47E0-8CEB-ACC19C934B0B}.Release|iPhone.ActiveCfg = Release|Any CPU
		{BD70E57C-A241-47E0-8CEB-ACC19C934B0B}.Release|iPhone.Build.0 = Release|Any CPU
		{BD70E57C-A241-47E0-8CEB-ACC19C934B0B}.Release|iPhone.Deploy.0 = Release|Any CPU
		{BD70E57C-A241-47E0-8CEB-ACC19C934B0B}.Release|iPhoneSimulator.ActiveCfg = Release|Any CPU
		{BD70E57C-A241-47E0-8CEB-ACC19C934B0B}.Release|iPhoneSimulator.Build.0 = Release|Any CPU
		{BD70E57C-A241-47E0-8CEB-ACC19C934B0B}.Release|iPhoneSimulator.Deploy.0 = Release|Any CPU
		{1A6BF130-7534-443B-9A41-8E505FB9B1FB}.Debug|Any CPU.ActiveCfg = Debug|iPhone
		{1A6BF130-7534-443B-9A41-8E505FB9B1FB}.Debug|Any CPU.Build.0 = Debug|iPhone
		{1A6BF130-7534-443B-9A41-8E505FB9B1FB}.Debug|Any CPU.Deploy.0 = Debug|iPhone
		{1A6BF130-7534-443B-9A41-8E505FB9B1FB}.Debug|iPhone.ActiveCfg = Debug|iPhone
		{1A6BF130-7534-443B-9A41-8E505FB9B1FB}.Debug|iPhone.Build.0 = Debug|iPhone
		{1A6BF130-7534-443B-9A41-8E505FB9B1FB}.Debug|iPhone.Deploy.0 = Debug|iPhone
		{1A6BF130-7534-443B-9A41-8E505FB9B1FB}.Debug|iPhoneSimulator.ActiveCfg = Debug|iPhoneSimulator
		{1A6BF130-7534-443B-9A41-8E505FB9B1FB}.Debug|iPhoneSimulator.Build.0 = Debug|iPhoneSimulator
		{1A6BF130-7534-443B-9A41-8E505FB9B1FB}.Debug|iPhoneSimulator.Deploy.0 = Debug|iPhoneSimulator
		{1A6BF130-7534-443B-9A41-8E505FB9B1FB}.Release|Any CPU.ActiveCfg = Release|iPhoneSimulator
		{1A6BF130-7534-443B-9A41-8E505FB9B1FB}.Release|Any CPU.Build.0 = Release|iPhoneSimulator
		{1A6BF130-7534-443B-9A41-8E505FB9B1FB}.Release|Any CPU.Deploy.0 = Release|iPhoneSimulator
		{1A6BF130-7534-443B-9A41-8E505FB9B1FB}.Release|iPhone.ActiveCfg = Release|iPhone
		{1A6BF130-7534-443B-9A41-8E505FB9B1FB}.Release|iPhone.Build.0 = Release|iPhone
		{1A6BF130-7534-443B-9A41-8E505FB9B1FB}.Release|iPhone.Deploy.0 = Release|iPhone
		{1A6BF130-7534-443B-9A41-8E505FB9B1FB}.Release|iPhoneSimulator.ActiveCfg = Release|iPhoneSimulator
		{1A6BF130-7534-443B-9A41-8E505FB9B1FB}.Release|iPhoneSimulator.Build.0 = Release|iPhoneSimulator
		{1A6BF130-7534-443B-9A41-8E505FB9B1FB}.Release|iPhoneSimulator.Deploy.0 = Release|iPhoneSimulator
		{CD652911-0121-4410-B35F-B97C518A0A54}.Debug|Any CPU.ActiveCfg = Debug|Any CPU
		{CD652911-0121-4410-B35F-B97C518A0A54}.Debug|Any CPU.Build.0 = Debug|Any CPU
		{CD652911-0121-4410-B35F-B97C518A0A54}.Debug|Any CPU.Deploy.0 = Debug|Any CPU
		{CD652911-0121-4410-B35F-B97C518A0A54}.Debug|iPhone.ActiveCfg = Debug|Any CPU
		{CD652911-0121-4410-B35F-B97C518A0A54}.Debug|iPhone.Build.0 = Debug|Any CPU
		{CD652911-0121-4410-B35F-B97C518A0A54}.Debug|iPhone.Deploy.0 = Debug|Any CPU
		{CD652911-0121-4410-B35F-B97C518A0A54}.Debug|iPhoneSimulator.ActiveCfg = Debug|Any CPU
		{CD652911-0121-4410-B35F-B97C518A0A54}.Debug|iPhoneSimulator.Build.0 = Debug|Any CPU
		{CD652911-0121-4410-B35F-B97C518A0A54}.Debug|iPhoneSimulator.Deploy.0 = Debug|Any CPU
		{CD652911-0121-4410-B35F-B97C518A0A54}.Release|Any CPU.ActiveCfg = Release|Any CPU
		{CD652911-0121-4410-B35F-B97C518A0A54}.Release|Any CPU.Build.0 = Release|Any CPU
		{CD652911-0121-4410-B35F-B97C518A0A54}.Release|Any CPU.Deploy.0 = Release|Any CPU
		{CD652911-0121-4410-B35F-B97C518A0A54}.Release|iPhone.ActiveCfg = Release|Any CPU
		{CD652911-0121-4410-B35F-B97C518A0A54}.Release|iPhone.Build.0 = Release|Any CPU
		{CD652911-0121-4410-B35F-B97C518A0A54}.Release|iPhone.Deploy.0 = Release|Any CPU
		{CD652911-0121-4410-B35F-B97C518A0A54}.Release|iPhoneSimulator.ActiveCfg = Release|Any CPU
		{CD652911-0121-4410-B35F-B97C518A0A54}.Release|iPhoneSimulator.Build.0 = Release|Any CPU
		{CD652911-0121-4410-B35F-B97C518A0A54}.Release|iPhoneSimulator.Deploy.0 = Release|Any CPU
	EndGlobalSection
	GlobalSection(SolutionProperties) = preSolution
		HideSolutionNode = FALSE
	EndGlobalSection
	GlobalSection(ExtensibilityGlobals) = postSolution
		SolutionGuid = {41752D28-22CD-4977-A83D-A08F2557499A}
	EndGlobalSection
EndGlobal
